
Microsoft Visual Studio Solution File, Format Version 12.00
# Visual Studio Version 17
VisualStudioVersion = 17.12.35728.132 d17.12
MinimumVisualStudioVersion = 10.0.40219.1
Project("{2150E333-8FDC-42A3-9474-1A3956D46DE8}") = "src", "src", "{3C670C58-6B5F-4DA6-B8CF-931FF88CF5E7}"
EndProject
Project("{FAE04EC0-301F-11D3-BF4B-00C04F79EFBC}") = "Domain", "Domain\Domain.csproj", "{E5307335-F811-412F-8940-BE9F1983ED8A}"
EndProject
Project("{FAE04EC0-301F-11D3-BF4B-00C04F79EFBC}") = "Application", "Application\Application.csproj", "{2CBF0EE9-6842-4D43-80AF-15A65DC11E92}"
EndProject
Project("{FAE04EC0-301F-11D3-BF4B-00C04F79EFBC}") = "Infrastructure", "Infrastructure\Infrastructure.csproj", "{0020E8FE-A91E-4D5C-AE12-EA3DAE1E025F}"
EndProject
Project("{FAE04EC0-301F-11D3-BF4B-00C04F79EFBC}") = "Api", "Api\Api.csproj", "{50C4829B-61DA-4097-B970-A0AA72F3043F}"
EndProject
Global
	GlobalSection(SolutionConfigurationPlatforms) = preSolution
		Debug|Any CPU = Debug|Any CPU
		Release|Any CPU = Release|Any CPU
	EndGlobalSection
	GlobalSection(ProjectConfigurationPlatforms) = postSolution
		{E5307335-F811-412F-8940-BE9F1983ED8A}.Debug|Any CPU.ActiveCfg = Debug|Any CPU
		{E5307335-F811-412F-8940-BE9F1983ED8A}.Debug|Any CPU.Build.0 = Debug|Any CPU
		{E5307335-F811-412F-8940-BE9F1983ED8A}.Release|Any CPU.ActiveCfg = Release|Any CPU
		{E5307335-F811-412F-8940-BE9F1983ED8A}.Release|Any CPU.Build.0 = Release|Any CPU
		{2CBF0EE9-6842-4D43-80AF-15A65DC11E92}.Debug|Any CPU.ActiveCfg = Debug|Any CPU
		{2CBF0EE9-6842-4D43-80AF-15A65DC11E92}.Debug|Any CPU.Build.0 = Debug|Any CPU
		{2CBF0EE9-6842-4D43-80AF-15A65DC11E92}.Release|Any CPU.ActiveCfg = Release|Any CPU
		{2CBF0EE9-6842-4D43-80AF-15A65DC11E92}.Release|Any CPU.Build.0 = Release|Any CPU
		{0020E8FE-A91E-4D5C-AE12-EA3DAE1E025F}.Debug|Any CPU.ActiveCfg = Debug|Any CPU
		{0020E8FE-A91E-4D5C-AE12-EA3DAE1E025F}.Debug|Any CPU.Build.0 = Debug|Any CPU
		{0020E8FE-A91E-4D5C-AE12-EA3DAE1E025F}.Release|Any CPU.ActiveCfg = Release|Any CPU
		{0020E8FE-A91E-4D5C-AE12-EA3DAE1E025F}.Release|Any CPU.Build.0 = Release|Any CPU
		{50C4829B-61DA-4097-B970-A0AA72F3043F}.Debug|Any CPU.ActiveCfg = Debug|Any CPU
		{50C4829B-61DA-4097-B970-A0AA72F3043F}.Debug|Any CPU.Build.0 = Debug|Any CPU
		{50C4829B-61DA-4097-B970-A0AA72F3043F}.Release|Any CPU.ActiveCfg = Release|Any CPU
		{50C4829B-61DA-4097-B970-A0AA72F3043F}.Release|Any CPU.Build.0 = Release|Any CPU
	EndGlobalSection
	GlobalSection(SolutionProperties) = preSolution
		HideSolutionNode = FALSE
	EndGlobalSection
	GlobalSection(NestedProjects) = preSolution
		{E5307335-F811-412F-8940-BE9F1983ED8A} = {3C670C58-6B5F-4DA6-B8CF-931FF88CF5E7}
		{2CBF0EE9-6842-4D43-80AF-15A65DC11E92} = {3C670C58-6B5F-4DA6-B8CF-931FF88CF5E7}
		{0020E8FE-A91E-4D5C-AE12-EA3DAE1E025F} = {3C670C58-6B5F-4DA6-B8CF-931FF88CF5E7}
		{50C4829B-61DA-4097-B970-A0AA72F3043F} = {3C670C58-6B5F-4DA6-B8CF-931FF88CF5E7}
	EndGlobalSection
EndGlobal
